
Microsoft Visual Studio Solution File, Format Version 12.00
# Visual Studio Version 17
VisualStudioVersion = 17.5.33424.131
MinimumVisualStudioVersion = 10.0.40219.1
Project("{9A19103F-16F7-4668-BE54-9A1E7A4F7556}") = "Totp.API", "WebApplication1\Totp.API.csproj", "{C94EB0DE-9BFE-497F-90C9-3ABEEAF878CB}"
EndProject
Project("{9A19103F-16F7-4668-BE54-9A1E7A4F7556}") = "Totp.Business", "Business\Totp.Business.csproj", "{C1005432-5868-47E9-963B-8B31B62EB342}"
EndProject
Project("{FAE04EC0-301F-11D3-BF4B-00C04F79EFBC}") = "Totp.Tests", "Totp.Tests\Totp.Tests.csproj", "{136C0279-2923-4C81-8F64-D7B64FD636CE}"
EndProject
Global
	GlobalSection(SolutionConfigurationPlatforms) = preSolution
		Debug|Any CPU = Debug|Any CPU
		Release|Any CPU = Release|Any CPU
	EndGlobalSection
	GlobalSection(ProjectConfigurationPlatforms) = postSolution
		{C94EB0DE-9BFE-497F-90C9-3ABEEAF878CB}.Debug|Any CPU.ActiveCfg = Debug|Any CPU
		{C94EB0DE-9BFE-497F-90C9-3ABEEAF878CB}.Debug|Any CPU.Build.0 = Debug|Any CPU
		{C94EB0DE-9BFE-497F-90C9-3ABEEAF878CB}.Release|Any CPU.ActiveCfg = Release|Any CPU
		{C94EB0DE-9BFE-497F-90C9-3ABEEAF878CB}.Release|Any CPU.Build.0 = Release|Any CPU
		{C1005432-5868-47E9-963B-8B31B62EB342}.Debug|Any CPU.ActiveCfg = Debug|Any CPU
		{C1005432-5868-47E9-963B-8B31B62EB342}.Debug|Any CPU.Build.0 = Debug|Any CPU
		{C1005432-5868-47E9-963B-8B31B62EB342}.Release|Any CPU.ActiveCfg = Release|Any CPU
		{C1005432-5868-47E9-963B-8B31B62EB342}.Release|Any CPU.Build.0 = Release|Any CPU
		{136C0279-2923-4C81-8F64-D7B64FD636CE}.Debug|Any CPU.ActiveCfg = Debug|Any CPU
		{136C0279-2923-4C81-8F64-D7B64FD636CE}.Debug|Any CPU.Build.0 = Debug|Any CPU
		{136C0279-2923-4C81-8F64-D7B64FD636CE}.Release|Any CPU.ActiveCfg = Release|Any CPU
		{136C0279-2923-4C81-8F64-D7B64FD636CE}.Release|Any CPU.Build.0 = Release|Any CPU
	EndGlobalSection
	GlobalSection(SolutionProperties) = preSolution
		HideSolutionNode = FALSE
	EndGlobalSection
	GlobalSection(ExtensibilityGlobals) = postSolution
		SolutionGuid = {8396DD84-9645-4FFE-86B3-F4C0617EAF2E}
	EndGlobalSection
EndGlobal
